
Microsoft Visual Studio Solution File, Format Version 12.00
# Visual Studio Version 16
VisualStudioVersion = 16.0.30611.23
MinimumVisualStudioVersion = 10.0.40219.1
Project("{9A19103F-16F7-4668-BE54-9A1E7A4F7556}") = "TorrServ", "TorrServ\TorrServ.csproj", "{4D1D60EF-5EC5-4014-965A-E5380AE8EA9B}"
EndProject
Project("{2150E333-8FDC-42A3-9474-1A3956D46DE8}") = "AFINNService", "AFINNService", "{B3AE2C7F-F57A-4C1F-B63A-ACA69966C3B1}"
EndProject
Project("{FAE04EC0-301F-11D3-BF4B-00C04F79EFBC}") = "AFINN", "AFINN\AFINN.csproj", "{BDF394E8-525F-4ECC-BC10-FF921CF1221B}"
EndProject
Project("{2150E333-8FDC-42A3-9474-1A3956D46DE8}") = "TorrServCore", "TorrServCore", "{3641925E-ADFB-4D0D-85DD-DD159353E562}"
EndProject
Project("{FAE04EC0-301F-11D3-BF4B-00C04F79EFBC}") = "Core", "Core\Core.csproj", "{5C19E647-7014-48D9-8ADD-46A47830BFD4}"
EndProject
Project("{2150E333-8FDC-42A3-9474-1A3956D46DE8}") = "TorrServData", "TorrServData", "{6E4D6ABF-AED6-4FD6-AE29-986E7363E972}"
EndProject
Project("{FAE04EC0-301F-11D3-BF4B-00C04F79EFBC}") = "Data", "Data\Data.csproj", "{627C4AC6-EE60-4A8E-AAA9-578380E8C1CA}"
EndProject
Project("{2150E333-8FDC-42A3-9474-1A3956D46DE8}") = "CommentService", "CommentService", "{9DF65F34-FE1A-4C8E-B937-B075BC12970E}"
EndProject
Project("{FAE04EC0-301F-11D3-BF4B-00C04F79EFBC}") = "CommService", "CommService\CommService.csproj", "{EBCA1A84-4810-4F96-BDC2-F52F6F2FD13F}"
EndProject
Project("{2150E333-8FDC-42A3-9474-1A3956D46DE8}") = "LemmatizationService", "LemmatizationService", "{C24E4EC5-87A9-4926-BC2F-87EEC79F105E}"
EndProject
Project("{FAE04EC0-301F-11D3-BF4B-00C04F79EFBC}") = "LemmService", "LemmService\LemmService.csproj", "{682E35AB-FA8D-4AB0-9B94-1EF20F95B823}"
EndProject
Project("{2150E333-8FDC-42A3-9474-1A3956D46DE8}") = "MoviesDownloader", "MoviesDownloader", "{EF9F0AD8-41F4-49D8-8315-CDF4619BD43D}"
EndProject
Project("{FAE04EC0-301F-11D3-BF4B-00C04F79EFBC}") = "MovDownloader", "MovDownloader\MovDownloader.csproj", "{B0D509A3-5E05-40AA-BFC3-6629C4213F4B}"
EndProject
Project("{2150E333-8FDC-42A3-9474-1A3956D46DE8}") = "TorrServRepositories", "TorrServRepositories", "{33ECB0B0-466A-41EB-8B55-96E708FBB239}"
EndProject
Project("{FAE04EC0-301F-11D3-BF4B-00C04F79EFBC}") = "TServRepositories", "TServRepositories\TServRepositories.csproj", "{47D2CE48-62B7-4DF0-888D-551EA467063D}"
EndProject
Global
	GlobalSection(SolutionConfigurationPlatforms) = preSolution
		Debug|Any CPU = Debug|Any CPU
		Release|Any CPU = Release|Any CPU
	EndGlobalSection
	GlobalSection(ProjectConfigurationPlatforms) = postSolution
		{4D1D60EF-5EC5-4014-965A-E5380AE8EA9B}.Debug|Any CPU.ActiveCfg = Debug|Any CPU
		{4D1D60EF-5EC5-4014-965A-E5380AE8EA9B}.Debug|Any CPU.Build.0 = Debug|Any CPU
		{4D1D60EF-5EC5-4014-965A-E5380AE8EA9B}.Release|Any CPU.ActiveCfg = Release|Any CPU
		{4D1D60EF-5EC5-4014-965A-E5380AE8EA9B}.Release|Any CPU.Build.0 = Release|Any CPU
		{BDF394E8-525F-4ECC-BC10-FF921CF1221B}.Debug|Any CPU.ActiveCfg = Debug|Any CPU
		{BDF394E8-525F-4ECC-BC10-FF921CF1221B}.Debug|Any CPU.Build.0 = Debug|Any CPU
		{BDF394E8-525F-4ECC-BC10-FF921CF1221B}.Release|Any CPU.ActiveCfg = Release|Any CPU
		{BDF394E8-525F-4ECC-BC10-FF921CF1221B}.Release|Any CPU.Build.0 = Release|Any CPU
		{5C19E647-7014-48D9-8ADD-46A47830BFD4}.Debug|Any CPU.ActiveCfg = Debug|Any CPU
		{5C19E647-7014-48D9-8ADD-46A47830BFD4}.Debug|Any CPU.Build.0 = Debug|Any CPU
		{5C19E647-7014-48D9-8ADD-46A47830BFD4}.Release|Any CPU.ActiveCfg = Release|Any CPU
		{5C19E647-7014-48D9-8ADD-46A47830BFD4}.Release|Any CPU.Build.0 = Release|Any CPU
		{627C4AC6-EE60-4A8E-AAA9-578380E8C1CA}.Debug|Any CPU.ActiveCfg = Debug|Any CPU
		{627C4AC6-EE60-4A8E-AAA9-578380E8C1CA}.Debug|Any CPU.Build.0 = Debug|Any CPU
		{627C4AC6-EE60-4A8E-AAA9-578380E8C1CA}.Release|Any CPU.ActiveCfg = Release|Any CPU
		{627C4AC6-EE60-4A8E-AAA9-578380E8C1CA}.Release|Any CPU.Build.0 = Release|Any CPU
		{EBCA1A84-4810-4F96-BDC2-F52F6F2FD13F}.Debug|Any CPU.ActiveCfg = Debug|Any CPU
		{EBCA1A84-4810-4F96-BDC2-F52F6F2FD13F}.Debug|Any CPU.Build.0 = Debug|Any CPU
		{EBCA1A84-4810-4F96-BDC2-F52F6F2FD13F}.Release|Any CPU.ActiveCfg = Release|Any CPU
		{EBCA1A84-4810-4F96-BDC2-F52F6F2FD13F}.Release|Any CPU.Build.0 = Release|Any CPU
		{682E35AB-FA8D-4AB0-9B94-1EF20F95B823}.Debug|Any CPU.ActiveCfg = Debug|Any CPU
		{682E35AB-FA8D-4AB0-9B94-1EF20F95B823}.Debug|Any CPU.Build.0 = Debug|Any CPU
		{682E35AB-FA8D-4AB0-9B94-1EF20F95B823}.Release|Any CPU.ActiveCfg = Release|Any CPU
		{682E35AB-FA8D-4AB0-9B94-1EF20F95B823}.Release|Any CPU.Build.0 = Release|Any CPU
		{B0D509A3-5E05-40AA-BFC3-6629C4213F4B}.Debug|Any CPU.ActiveCfg = Debug|Any CPU
		{B0D509A3-5E05-40AA-BFC3-6629C4213F4B}.Debug|Any CPU.Build.0 = Debug|Any CPU
		{B0D509A3-5E05-40AA-BFC3-6629C4213F4B}.Release|Any CPU.ActiveCfg = Release|Any CPU
		{B0D509A3-5E05-40AA-BFC3-6629C4213F4B}.Release|Any CPU.Build.0 = Release|Any CPU
		{47D2CE48-62B7-4DF0-888D-551EA467063D}.Debug|Any CPU.ActiveCfg = Debug|Any CPU
		{47D2CE48-62B7-4DF0-888D-551EA467063D}.Debug|Any CPU.Build.0 = Debug|Any CPU
		{47D2CE48-62B7-4DF0-888D-551EA467063D}.Release|Any CPU.ActiveCfg = Release|Any CPU
		{47D2CE48-62B7-4DF0-888D-551EA467063D}.Release|Any CPU.Build.0 = Release|Any CPU
	EndGlobalSection
	GlobalSection(SolutionProperties) = preSolution
		HideSolutionNode = FALSE
	EndGlobalSection
	GlobalSection(NestedProjects) = preSolution
		{BDF394E8-525F-4ECC-BC10-FF921CF1221B} = {B3AE2C7F-F57A-4C1F-B63A-ACA69966C3B1}
		{5C19E647-7014-48D9-8ADD-46A47830BFD4} = {3641925E-ADFB-4D0D-85DD-DD159353E562}
		{627C4AC6-EE60-4A8E-AAA9-578380E8C1CA} = {6E4D6ABF-AED6-4FD6-AE29-986E7363E972}
		{EBCA1A84-4810-4F96-BDC2-F52F6F2FD13F} = {9DF65F34-FE1A-4C8E-B937-B075BC12970E}
		{682E35AB-FA8D-4AB0-9B94-1EF20F95B823} = {C24E4EC5-87A9-4926-BC2F-87EEC79F105E}
		{B0D509A3-5E05-40AA-BFC3-6629C4213F4B} = {EF9F0AD8-41F4-49D8-8315-CDF4619BD43D}
		{47D2CE48-62B7-4DF0-888D-551EA467063D} = {33ECB0B0-466A-41EB-8B55-96E708FBB239}
	EndGlobalSection
	GlobalSection(ExtensibilityGlobals) = postSolution
		SolutionGuid = {524AD4D5-E541-4E37-9B14-5359752F6A8D}
	EndGlobalSection
EndGlobal
